// !$*UTF8*$!
{
	archiveVersion = 1;
	classes = {
	};
	objectVersion = 77;
	objects = {

/* Begin PBXBuildFile section */
		BB1029562EB0CBE400BB4561 /* GRDB in Frameworks */ = {isa = PBXBuildFile; productRef = BB1029552EB0CBE400BB4561 /* GRDB */; };
		BB607AD52ED6F3DA00D9F238 /* Sparkle in Frameworks */ = {isa = PBXBuildFile; productRef = BB607AD42ED6F3DA00D9F238 /* Sparkle */; };
		BBEBF2CB2EB71AB3002C394C /* Bass in Frameworks */ = {isa = PBXBuildFile; productRef = BBEBF2CA2EB71AB3002C394C /* Bass */; settings = {ATTRIBUTES = (Required, ); }; };
		BBEBF2CD2EB71AB3002C394C /* BassApe in Frameworks */ = {isa = PBXBuildFile; productRef = BBEBF2CC2EB71AB3002C394C /* BassApe */; };
		BBEBF2CF2EB71AB3002C394C /* BassDSD in Frameworks */ = {isa = PBXBuildFile; productRef = BBEBF2CE2EB71AB3002C394C /* BassDSD */; };
		BBF019B12EC7188900D3E744 /* BassENC in Frameworks */ = {isa = PBXBuildFile; productRef = BBF019B02EC7188900D3E744 /* BassENC */; };
		BBF019B32EC7188900D3E744 /* BassENC.FLAC in Frameworks */ = {isa = PBXBuildFile; productRef = BBF019B22EC7188900D3E744 /* BassENC.FLAC */; };
		BBF019B52EC7188900D3E744 /* BassENC.MP3 in Frameworks */ = {isa = PBXBuildFile; productRef = BBF019B42EC7188900D3E744 /* BassENC.MP3 */; };
		BBF019B72EC7188900D3E744 /* BassENC.OGG in Frameworks */ = {isa = PBXBuildFile; productRef = BBF019B62EC7188900D3E744 /* BassENC.OGG */; };
		BBF019B92EC7188900D3E744 /* BassENC.Opus in Frameworks */ = {isa = PBXBuildFile; productRef = BBF019B82EC7188900D3E744 /* BassENC.Opus */; };
		BBF019BB2EC7188900D3E744 /* BassFLAC in Frameworks */ = {isa = PBXBuildFile; productRef = BBF019BA2EC7188900D3E744 /* BassFLAC */; };
		BBF019BD2EC7188900D3E744 /* BassFX in Frameworks */ = {isa = PBXBuildFile; productRef = BBF019BC2EC7188900D3E744 /* BassFX */; };
		BBF019BF2EC7188900D3E744 /* BassHLS in Frameworks */ = {isa = PBXBuildFile; productRef = BBF019BE2EC7188900D3E744 /* BassHLS */; };
		BBF019C12EC7188900D3E744 /* BassLoud in Frameworks */ = {isa = PBXBuildFile; productRef = BBF019C02EC7188900D3E744 /* BassLoud */; };
		BBF019C32EC7188900D3E744 /* BassMIDI in Frameworks */ = {isa = PBXBuildFile; productRef = BBF019C22EC7188900D3E744 /* BassMIDI */; };
		BBF019C52EC7188900D3E744 /* BassMPC in Frameworks */ = {isa = PBXBuildFile; productRef = BBF019C42EC7188900D3E744 /* BassMPC */; };
		BBF019C72EC7188900D3E744 /* BassMix in Frameworks */ = {isa = PBXBuildFile; productRef = BBF019C62EC7188900D3E744 /* BassMix */; };
		BBF019C92EC7188900D3E744 /* BassOpus in Frameworks */ = {isa = PBXBuildFile; productRef = BBF019C82EC7188900D3E744 /* BassOpus */; };
		BBF019CB2EC7188900D3E744 /* BassSPX in Frameworks */ = {isa = PBXBuildFile; productRef = BBF019CA2EC7188900D3E744 /* BassSPX */; };
		BBF019CD2EC7188900D3E744 /* BassTTA in Frameworks */ = {isa = PBXBuildFile; productRef = BBF019CC2EC7188900D3E744 /* BassTTA */; };
		BBF019CF2EC7188900D3E744 /* BassVST in Frameworks */ = {isa = PBXBuildFile; productRef = BBF019CE2EC7188900D3E744 /* BassVST */; };
		BBF019D12EC7188900D3E744 /* BassWV in Frameworks */ = {isa = PBXBuildFile; productRef = BBF019D02EC7188900D3E744 /* BassWV */; };
		BBF019D32EC7188900D3E744 /* BassWebM in Frameworks */ = {isa = PBXBuildFile; productRef = BBF019D22EC7188900D3E744 /* BassWebM */; };
		BBF019D52EC7188900D3E744 /* CBass in Frameworks */ = {isa = PBXBuildFile; productRef = BBF019D42EC7188900D3E744 /* CBass */; };
/* End PBXBuildFile section */

/* Begin PBXCopyFilesBuildPhase section */
		BB6077262ED3767100D9F238 /* Embed Libraries */ = {
			isa = PBXCopyFilesBuildPhase;
			buildActionMask = 2147483647;
			dstPath = "";
			dstSubfolderSpec = 10;
			files = (
			);
			name = "Embed Libraries";
			runOnlyForDeploymentPostprocessing = 0;
		};
/* End PBXCopyFilesBuildPhase section */

/* Begin PBXFileReference section */
		BBDB7AD12EA796130003F406 /* HiFidelity.app */ = {isa = PBXFileReference; explicitFileType = wrapper.application; includeInIndex = 0; path = HiFidelity.app; sourceTree = BUILT_PRODUCTS_DIR; };
/* End PBXFileReference section */

/* Begin PBXFileSystemSynchronizedBuildFileExceptionSet section */
		BB02F34F2ED8E22A0095934F /* Exceptions for "HiFidelity" folder in "HiFidelity" target */ = {
			isa = PBXFileSystemSynchronizedBuildFileExceptionSet;
			membershipExceptions = (
				deps/include/taglib/tlist.tcc,
				deps/include/taglib/tmap.tcc,
				Info.plist,
			);
			target = BBDB7AD02EA796130003F406 /* HiFidelity */;
		};
/* End PBXFileSystemSynchronizedBuildFileExceptionSet section */

/* Begin PBXFileSystemSynchronizedGroupBuildPhaseMembershipExceptionSet section */
		BB02F3512ED8E2B10095934F /* Exceptions for "HiFidelity" folder in "Embed Libraries" phase from "HiFidelity" target */ = {
			isa = PBXFileSystemSynchronizedGroupBuildPhaseMembershipExceptionSet;
			attributesByRelativePath = {
				deps/lib/libtag.2.dylib = (CodeSignOnCopy, );
			};
			buildPhase = BB6077262ED3767100D9F238 /* Embed Libraries */;
			membershipExceptions = (
				deps/lib/libtag.2.dylib,
			);
		};
/* End PBXFileSystemSynchronizedGroupBuildPhaseMembershipExceptionSet section */

/* Begin PBXFileSystemSynchronizedRootGroup section */
		BBDB7AD32EA796130003F406 /* HiFidelity */ = {
			isa = PBXFileSystemSynchronizedRootGroup;
			exceptions = (
				BB02F34F2ED8E22A0095934F /* Exceptions for "HiFidelity" folder in "HiFidelity" target */,
				BB02F3512ED8E2B10095934F /* Exceptions for "HiFidelity" folder in "Embed Libraries" phase from "HiFidelity" target */,
			);
			path = HiFidelity;
			sourceTree = "<group>";
		};
/* End PBXFileSystemSynchronizedRootGroup section */

/* Begin PBXFrameworksBuildPhase section */
		BBDB7ACE2EA796130003F406 /* Frameworks */ = {
			isa = PBXFrameworksBuildPhase;
			buildActionMask = 2147483647;
			files = (
				BBF019C52EC7188900D3E744 /* BassMPC in Frameworks */,
				BBF019B52EC7188900D3E744 /* BassENC.MP3 in Frameworks */,
				BBF019B12EC7188900D3E744 /* BassENC in Frameworks */,
				BBF019BB2EC7188900D3E744 /* BassFLAC in Frameworks */,
				BBF019B72EC7188900D3E744 /* BassENC.OGG in Frameworks */,
				BBEBF2CD2EB71AB3002C394C /* BassApe in Frameworks */,
				BBF019BD2EC7188900D3E744 /* BassFX in Frameworks */,
				BBF019BF2EC7188900D3E744 /* BassHLS in Frameworks */,
				BBF019C12EC7188900D3E744 /* BassLoud in Frameworks */,
				BBF019D52EC7188900D3E744 /* CBass in Frameworks */,
				BBF019C72EC7188900D3E744 /* BassMix in Frameworks */,
				BBF019B92EC7188900D3E744 /* BassENC.Opus in Frameworks */,
				BB1029562EB0CBE400BB4561 /* GRDB in Frameworks */,
				BBF019CD2EC7188900D3E744 /* BassTTA in Frameworks */,
				BBEBF2CB2EB71AB3002C394C /* Bass in Frameworks */,
				BBF019B32EC7188900D3E744 /* BassENC.FLAC in Frameworks */,
				BBF019D32EC7188900D3E744 /* BassWebM in Frameworks */,
				BBF019D12EC7188900D3E744 /* BassWV in Frameworks */,
				BBF019CB2EC7188900D3E744 /* BassSPX in Frameworks */,
				BB607AD52ED6F3DA00D9F238 /* Sparkle in Frameworks */,
				BBF019C32EC7188900D3E744 /* BassMIDI in Frameworks */,
				BBF019CF2EC7188900D3E744 /* BassVST in Frameworks */,
				BBF019C92EC7188900D3E744 /* BassOpus in Frameworks */,
				BBEBF2CF2EB71AB3002C394C /* BassDSD in Frameworks */,
			);
			runOnlyForDeploymentPostprocessing = 0;
		};
/* End PBXFrameworksBuildPhase section */

/* Begin PBXGroup section */
		BB6077192ED3613000D9F238 /* Frameworks */ = {
			isa = PBXGroup;
			children = (
			);
			name = Frameworks;
			sourceTree = "<group>";
		};
		BBDB7AC82EA796130003F406 = {
			isa = PBXGroup;
			children = (
				BBDB7AD32EA796130003F406 /* HiFidelity */,
				BB6077192ED3613000D9F238 /* Frameworks */,
				BBDB7AD22EA796130003F406 /* Products */,
			);
			sourceTree = "<group>";
		};
		BBDB7AD22EA796130003F406 /* Products */ = {
			isa = PBXGroup;
			children = (
				BBDB7AD12EA796130003F406 /* HiFidelity.app */,
			);
			name = Products;
			sourceTree = "<group>";
		};
/* End PBXGroup section */

/* Begin PBXNativeTarget section */
		BBDB7AD02EA796130003F406 /* HiFidelity */ = {
			isa = PBXNativeTarget;
			buildConfigurationList = BBDB7ADF2EA796150003F406 /* Build configuration list for PBXNativeTarget "HiFidelity" */;
			buildPhases = (
				BBDB7ACD2EA796130003F406 /* Sources */,
				BBDB7ACE2EA796130003F406 /* Frameworks */,
				BBDB7ACF2EA796130003F406 /* Resources */,
				BB6077262ED3767100D9F238 /* Embed Libraries */,
			);
			buildRules = (
			);
			dependencies = (
			);
			fileSystemSynchronizedGroups = (
				BBDB7AD32EA796130003F406 /* HiFidelity */,
			);
			name = HiFidelity;
			packageProductDependencies = (
				BB1029552EB0CBE400BB4561 /* GRDB */,
				BBEBF2CA2EB71AB3002C394C /* Bass */,
				BBEBF2CC2EB71AB3002C394C /* BassApe */,
				BBEBF2CE2EB71AB3002C394C /* BassDSD */,
				BBF019B02EC7188900D3E744 /* BassENC */,
				BBF019B22EC7188900D3E744 /* BassENC.FLAC */,
				BBF019B42EC7188900D3E744 /* BassENC.MP3 */,
				BBF019B62EC7188900D3E744 /* BassENC.OGG */,
				BBF019B82EC7188900D3E744 /* BassENC.Opus */,
				BBF019BA2EC7188900D3E744 /* BassFLAC */,
				BBF019BC2EC7188900D3E744 /* BassFX */,
				BBF019BE2EC7188900D3E744 /* BassHLS */,
				BBF019C02EC7188900D3E744 /* BassLoud */,
				BBF019C22EC7188900D3E744 /* BassMIDI */,
				BBF019C42EC7188900D3E744 /* BassMPC */,
				BBF019C62EC7188900D3E744 /* BassMix */,
				BBF019C82EC7188900D3E744 /* BassOpus */,
				BBF019CA2EC7188900D3E744 /* BassSPX */,
				BBF019CC2EC7188900D3E744 /* BassTTA */,
				BBF019CE2EC7188900D3E744 /* BassVST */,
				BBF019D02EC7188900D3E744 /* BassWV */,
				BBF019D22EC7188900D3E744 /* BassWebM */,
				BBF019D42EC7188900D3E744 /* CBass */,
				BB607AD42ED6F3DA00D9F238 /* Sparkle */,
			);
			productName = HiFidelity;
			productReference = BBDB7AD12EA796130003F406 /* HiFidelity.app */;
			productType = "com.apple.product-type.application";
		};
/* End PBXNativeTarget section */

/* Begin PBXProject section */
		BBDB7AC92EA796130003F406 /* Project object */ = {
			isa = PBXProject;
			attributes = {
				BuildIndependentTargetsInParallel = 1;
				LastSwiftUpdateCheck = 1640;
				LastUpgradeCheck = 1640;
				TargetAttributes = {
					BBDB7AD02EA796130003F406 = {
						CreatedOnToolsVersion = 16.4;
						LastSwiftMigration = 1640;
					};
				};
			};
			buildConfigurationList = BBDB7ACC2EA796130003F406 /* Build configuration list for PBXProject "HiFidelity" */;
			developmentRegion = en;
			hasScannedForEncodings = 0;
			knownRegions = (
				en,
				Base,
			);
			mainGroup = BBDB7AC82EA796130003F406;
			minimizedProjectReferenceProxies = 1;
			packageReferences = (
				BB1029542EB0CBE400BB4561 /* XCRemoteSwiftPackageReference "GRDB.swift" */,
				BBEBF2C92EB71AB3002C394C /* XCRemoteSwiftPackageReference "CBass" */,
				BB607AD32ED6F3DA00D9F238 /* XCRemoteSwiftPackageReference "Sparkle" */,
			);
			preferredProjectObjectVersion = 77;
			productRefGroup = BBDB7AD22EA796130003F406 /* Products */;
			projectDirPath = "";
			projectRoot = "";
			targets = (
				BBDB7AD02EA796130003F406 /* HiFidelity */,
			);
		};
/* End PBXProject section */

/* Begin PBXResourcesBuildPhase section */
		BBDB7ACF2EA796130003F406 /* Resources */ = {
			isa = PBXResourcesBuildPhase;
			buildActionMask = 2147483647;
			files = (
			);
			runOnlyForDeploymentPostprocessing = 0;
		};
/* End PBXResourcesBuildPhase section */

/* Begin PBXSourcesBuildPhase section */
		BBDB7ACD2EA796130003F406 /* Sources */ = {
			isa = PBXSourcesBuildPhase;
			buildActionMask = 2147483647;
			files = (
			);
			runOnlyForDeploymentPostprocessing = 0;
		};
/* End PBXSourcesBuildPhase section */

/* Begin XCBuildConfiguration section */
		BBDB7ADD2EA796150003F406 /* Debug */ = {
			isa = XCBuildConfiguration;
			buildSettings = {
				ALWAYS_SEARCH_USER_PATHS = NO;
				ASSETCATALOG_COMPILER_GENERATE_SWIFT_ASSET_SYMBOL_EXTENSIONS = YES;
				CLANG_ANALYZER_NONNULL = YES;
				CLANG_ANALYZER_NUMBER_OBJECT_CONVERSION = YES_AGGRESSIVE;
				CLANG_CXX_LANGUAGE_STANDARD = "gnu++20";
				CLANG_ENABLE_MODULES = YES;
				CLANG_ENABLE_OBJC_ARC = YES;
				CLANG_ENABLE_OBJC_WEAK = YES;
				CLANG_WARN_BLOCK_CAPTURE_AUTORELEASING = YES;
				CLANG_WARN_BOOL_CONVERSION = YES;
				CLANG_WARN_COMMA = YES;
				CLANG_WARN_CONSTANT_CONVERSION = YES;
				CLANG_WARN_DEPRECATED_OBJC_IMPLEMENTATIONS = YES;
				CLANG_WARN_DIRECT_OBJC_ISA_USAGE = YES_ERROR;
				CLANG_WARN_DOCUMENTATION_COMMENTS = YES;
				CLANG_WARN_EMPTY_BODY = YES;
				CLANG_WARN_ENUM_CONVERSION = YES;
				CLANG_WARN_INFINITE_RECURSION = YES;
				CLANG_WARN_INT_CONVERSION = YES;
				CLANG_WARN_NON_LITERAL_NULL_CONVERSION = YES;
				CLANG_WARN_OBJC_IMPLICIT_RETAIN_SELF = YES;
				CLANG_WARN_OBJC_LITERAL_CONVERSION = YES;
				CLANG_WARN_OBJC_ROOT_CLASS = YES_ERROR;
				CLANG_WARN_QUOTED_INCLUDE_IN_FRAMEWORK_HEADER = YES;
				CLANG_WARN_RANGE_LOOP_ANALYSIS = YES;
				CLANG_WARN_STRICT_PROTOTYPES = YES;
				CLANG_WARN_SUSPICIOUS_MOVE = YES;
				CLANG_WARN_UNGUARDED_AVAILABILITY = YES_AGGRESSIVE;
				CLANG_WARN_UNREACHABLE_CODE = YES;
				CLANG_WARN__DUPLICATE_METHOD_MATCH = YES;
				COPY_PHASE_STRIP = NO;
				DEBUG_INFORMATION_FORMAT = dwarf;
				ENABLE_STRICT_OBJC_MSGSEND = YES;
				ENABLE_TESTABILITY = YES;
				ENABLE_USER_SCRIPT_SANDBOXING = YES;
				GCC_C_LANGUAGE_STANDARD = gnu17;
				GCC_DYNAMIC_NO_PIC = NO;
				GCC_NO_COMMON_BLOCKS = YES;
				GCC_OPTIMIZATION_LEVEL = 0;
				GCC_PREPROCESSOR_DEFINITIONS = (
					"DEBUG=1",
					"$(inherited)",
				);
				GCC_WARN_64_TO_32_BIT_CONVERSION = YES;
				GCC_WARN_ABOUT_RETURN_TYPE = YES_ERROR;
				GCC_WARN_UNDECLARED_SELECTOR = YES;
				GCC_WARN_UNINITIALIZED_AUTOS = YES_AGGRESSIVE;
				GCC_WARN_UNUSED_FUNCTION = YES;
				GCC_WARN_UNUSED_VARIABLE = YES;
				LD_RUNPATH_SEARCH_PATHS = "$(inherited)";
				LOCALIZATION_PREFERS_STRING_CATALOGS = YES;
				MACOSX_DEPLOYMENT_TARGET = 14.6;
				MTL_ENABLE_DEBUG_INFO = INCLUDE_SOURCE;
				MTL_FAST_MATH = YES;
				ONLY_ACTIVE_ARCH = YES;
				SDKROOT = macosx;
				SWIFT_ACTIVE_COMPILATION_CONDITIONS = "DEBUG $(inherited)";
				SWIFT_OPTIMIZATION_LEVEL = "-Onone";
			};
			name = Debug;
		};
		BBDB7ADE2EA796150003F406 /* Release */ = {
			isa = XCBuildConfiguration;
			buildSettings = {
				ALWAYS_SEARCH_USER_PATHS = NO;
				ASSETCATALOG_COMPILER_GENERATE_SWIFT_ASSET_SYMBOL_EXTENSIONS = YES;
				CLANG_ANALYZER_NONNULL = YES;
				CLANG_ANALYZER_NUMBER_OBJECT_CONVERSION = YES_AGGRESSIVE;
				CLANG_CXX_LANGUAGE_STANDARD = "gnu++20";
				CLANG_ENABLE_MODULES = YES;
				CLANG_ENABLE_OBJC_ARC = YES;
				CLANG_ENABLE_OBJC_WEAK = YES;
				CLANG_WARN_BLOCK_CAPTURE_AUTORELEASING = YES;
				CLANG_WARN_BOOL_CONVERSION = YES;
				CLANG_WARN_COMMA = YES;
				CLANG_WARN_CONSTANT_CONVERSION = YES;
				CLANG_WARN_DEPRECATED_OBJC_IMPLEMENTATIONS = YES;
				CLANG_WARN_DIRECT_OBJC_ISA_USAGE = YES_ERROR;
				CLANG_WARN_DOCUMENTATION_COMMENTS = YES;
				CLANG_WARN_EMPTY_BODY = YES;
				CLANG_WARN_ENUM_CONVERSION = YES;
				CLANG_WARN_INFINITE_RECURSION = YES;
				CLANG_WARN_INT_CONVERSION = YES;
				CLANG_WARN_NON_LITERAL_NULL_CONVERSION = YES;
				CLANG_WARN_OBJC_IMPLICIT_RETAIN_SELF = YES;
				CLANG_WARN_OBJC_LITERAL_CONVERSION = YES;
				CLANG_WARN_OBJC_ROOT_CLASS = YES_ERROR;
				CLANG_WARN_QUOTED_INCLUDE_IN_FRAMEWORK_HEADER = YES;
				CLANG_WARN_RANGE_LOOP_ANALYSIS = YES;
				CLANG_WARN_STRICT_PROTOTYPES = YES;
				CLANG_WARN_SUSPICIOUS_MOVE = YES;
				CLANG_WARN_UNGUARDED_AVAILABILITY = YES_AGGRESSIVE;
				CLANG_WARN_UNREACHABLE_CODE = YES;
				CLANG_WARN__DUPLICATE_METHOD_MATCH = YES;
				COPY_PHASE_STRIP = NO;
				DEBUG_INFORMATION_FORMAT = "dwarf-with-dsym";
				ENABLE_NS_ASSERTIONS = NO;
				ENABLE_STRICT_OBJC_MSGSEND = YES;
				ENABLE_USER_SCRIPT_SANDBOXING = YES;
				GCC_C_LANGUAGE_STANDARD = gnu17;
				GCC_NO_COMMON_BLOCKS = YES;
				GCC_WARN_64_TO_32_BIT_CONVERSION = YES;
				GCC_WARN_ABOUT_RETURN_TYPE = YES_ERROR;
				GCC_WARN_UNDECLARED_SELECTOR = YES;
				GCC_WARN_UNINITIALIZED_AUTOS = YES_AGGRESSIVE;
				GCC_WARN_UNUSED_FUNCTION = YES;
				GCC_WARN_UNUSED_VARIABLE = YES;
				LD_RUNPATH_SEARCH_PATHS = "$(inherited)";
				LOCALIZATION_PREFERS_STRING_CATALOGS = YES;
				MACOSX_DEPLOYMENT_TARGET = 14.6;
				MTL_ENABLE_DEBUG_INFO = NO;
				MTL_FAST_MATH = YES;
				SDKROOT = macosx;
				SWIFT_COMPILATION_MODE = wholemodule;
			};
			name = Release;
		};
		BBDB7AE02EA796150003F406 /* Debug */ = {
			isa = XCBuildConfiguration;
			buildSettings = {
				ASSETCATALOG_COMPILER_APPICON_NAME = AppIcon;
				ASSETCATALOG_COMPILER_GLOBAL_ACCENT_COLOR_NAME = AccentColor;
				ASSETCATALOG_COMPILER_INCLUDE_ALL_APPICON_ASSETS = YES;
				CLANG_CXX_LANGUAGE_STANDARD = "gnu++20";
				CLANG_ENABLE_MODULES = NO;
				CODE_SIGN_ENTITLEMENTS = HiFidelity/HiFidelity.entitlements;
				"CODE_SIGN_IDENTITY[sdk=macosx*]" = "-";
				CODE_SIGN_STYLE = Automatic;
				COMBINE_HIDPI_IMAGES = YES;
				CURRENT_PROJECT_VERSION = 108;
				DEAD_CODE_STRIPPING = YES;
				ENABLE_PREVIEWS = YES;
				GCC_C_LANGUAGE_STANDARD = gnu17;
				GENERATE_INFOPLIST_FILE = YES;
				HEADER_SEARCH_PATHS = "$(PROJECT_DIR)/HiFidelity/deps/include";
				INFOPLIST_FILE = HiFidelity/Info.plist;
				INFOPLIST_KEY_CFBundleDisplayName = HiFidelity;
				INFOPLIST_KEY_LSApplicationCategoryType = "public.app-category.music";
				INFOPLIST_KEY_NSHumanReadableCopyright = "";
				LD_RUNPATH_SEARCH_PATHS = (
					"$(inherited)",
					"@executable_path/../Frameworks",
					"@loader_path/../Frameworks",
					"@rpath",
				);
				LIBRARY_SEARCH_PATHS = (
					"$(inherited)",
					"$(PROJECT_DIR)/HiFidelity/deps/lib/**",
					"$(PROJECT_DIR)/HiFidelity/deps/lib",
					"$(PROJECT_DIR)/HiFidelity/deps/include/**",
				);
				MACOSX_DEPLOYMENT_TARGET = 14.0;
				MARKETING_VERSION = 1.0.8;
				OTHER_LDFLAGS = "";
				PRODUCT_BUNDLE_IDENTIFIER = vr.HiFidelity.debug;
				PRODUCT_NAME = "$(TARGET_NAME)";
				REEXPORTED_LIBRARY_PATHS = "";
				REGISTER_APP_GROUPS = YES;
				SWIFT_EMIT_LOC_STRINGS = YES;
				SWIFT_OBJC_BRIDGING_HEADER = "$(PROJECT_DIR)/HiFidelity/Utils/HiFidelity-Bridging-Header.h";
				SWIFT_OPTIMIZATION_LEVEL = "-Onone";
				SWIFT_VERSION = 5.0;
			};
			name = Debug;
		};
		BBDB7AE12EA796150003F406 /* Release */ = {
			isa = XCBuildConfiguration;
			buildSettings = {
				ASSETCATALOG_COMPILER_APPICON_NAME = AppIcon;
				ASSETCATALOG_COMPILER_GLOBAL_ACCENT_COLOR_NAME = AccentColor;
				ASSETCATALOG_COMPILER_INCLUDE_ALL_APPICON_ASSETS = YES;
				CLANG_CXX_LANGUAGE_STANDARD = "gnu++20";
				CLANG_CXX_STANDARD_LIBRARY_HARDENING = "$(__LIBRARY_HARDENING_DEFAULT_VALUE)";
				CLANG_ENABLE_MODULES = NO;
				CODE_SIGN_ENTITLEMENTS = HiFidelity/HiFidelityRelease.entitlements;
				"CODE_SIGN_IDENTITY[sdk=macosx*]" = "-";
				CODE_SIGN_STYLE = Automatic;
				COMBINE_HIDPI_IMAGES = YES;
				CURRENT_PROJECT_VERSION = 108;
				DEAD_CODE_STRIPPING = YES;
				ENABLE_HARDENED_RUNTIME = YES;
				ENABLE_PREVIEWS = YES;
				GCC_C_LANGUAGE_STANDARD = gnu17;
				GENERATE_INFOPLIST_FILE = YES;
				HEADER_SEARCH_PATHS = "$(PROJECT_DIR)/HiFidelity/deps/include";
				INFOPLIST_FILE = HiFidelity/Info.plist;
				INFOPLIST_KEY_CFBundleDisplayName = HiFidelity;
				INFOPLIST_KEY_LSApplicationCategoryType = "public.app-category.music";
				INFOPLIST_KEY_NSHumanReadableCopyright = "";
				LD_RUNPATH_SEARCH_PATHS = (
					"$(inherited)",
					"@executable_path/../Frameworks",
					"@loader_path/../Frameworks",
					"@rpath",
				);
				LIBRARY_SEARCH_PATHS = (
					"$(inherited)",
					"$(PROJECT_DIR)/HiFidelity/deps/lib/**",
					"$(PROJECT_DIR)/HiFidelity/deps/lib",
					"$(PROJECT_DIR)/HiFidelity/deps/include/**",
				);
				MACOSX_DEPLOYMENT_TARGET = 14.0;
				MARKETING_VERSION = 1.0.8;
				OTHER_LDFLAGS = "";
				PRODUCT_BUNDLE_IDENTIFIER = vr.HiFidelity;
				PRODUCT_NAME = "$(TARGET_NAME)";
				REEXPORTED_LIBRARY_PATHS = "";
				REGISTER_APP_GROUPS = YES;
				SWIFT_EMIT_LOC_STRINGS = YES;
				SWIFT_OBJC_BRIDGING_HEADER = "$(PROJECT_DIR)/HiFidelity/Utils/HiFidelity-Bridging-Header.h";
				SWIFT_VERSION = 5.0;
			};
			name = Release;
		};
/* End XCBuildConfiguration section */

/* Begin XCConfigurationList section */
		BBDB7ACC2EA796130003F406 /* Build configuration list for PBXProject "HiFidelity" */ = {
			isa = XCConfigurationList;
			buildConfigurations = (
				BBDB7ADD2EA796150003F406 /* Debug */,
				BBDB7ADE2EA796150003F406 /* Release */,
			);
			defaultConfigurationIsVisible = 0;
			defaultConfigurationName = Release;
		};
		BBDB7ADF2EA796150003F406 /* Build configuration list for PBXNativeTarget "HiFidelity" */ = {
			isa = XCConfigurationList;
			buildConfigurations = (
				BBDB7AE02EA796150003F406 /* Debug */,
				BBDB7AE12EA796150003F406 /* Release */,
			);
			defaultConfigurationIsVisible = 0;
			defaultConfigurationName = Release;
		};
/* End XCConfigurationList section */

/* Begin XCRemoteSwiftPackageReference section */
		BB1029542EB0CBE400BB4561 /* XCRemoteSwiftPackageReference "GRDB.swift" */ = {
			isa = XCRemoteSwiftPackageReference;
			repositoryURL = "https://github.com/groue/GRDB.swift.git";
			requirement = {
				kind = exactVersion;
				version = 7.8.0;
			};
		};
		BB607AD32ED6F3DA00D9F238 /* XCRemoteSwiftPackageReference "Sparkle" */ = {
			isa = XCRemoteSwiftPackageReference;
			repositoryURL = "https://github.com/sparkle-project/Sparkle";
			requirement = {
				kind = upToNextMajorVersion;
				minimumVersion = 2.8.1;
			};
		};
		BBEBF2C92EB71AB3002C394C /* XCRemoteSwiftPackageReference "CBass" */ = {
			isa = XCRemoteSwiftPackageReference;
			repositoryURL = "https://github.com/Treata11/CBass";
			requirement = {
				branch = main;
				kind = branch;
			};
		};
/* End XCRemoteSwiftPackageReference section */

/* Begin XCSwiftPackageProductDependency section */
		BB1029552EB0CBE400BB4561 /* GRDB */ = {
			isa = XCSwiftPackageProductDependency;
			package = BB1029542EB0CBE400BB4561 /* XCRemoteSwiftPackageReference "GRDB.swift" */;
			productName = GRDB;
		};
		BB607AD42ED6F3DA00D9F238 /* Sparkle */ = {
			isa = XCSwiftPackageProductDependency;
			package = BB607AD32ED6F3DA00D9F238 /* XCRemoteSwiftPackageReference "Sparkle" */;
			productName = Sparkle;
		};
		BBEBF2CA2EB71AB3002C394C /* Bass */ = {
			isa = XCSwiftPackageProductDependency;
			package = BBEBF2C92EB71AB3002C394C /* XCRemoteSwiftPackageReference "CBass" */;
			productName = Bass;
		};
		BBEBF2CC2EB71AB3002C394C /* BassApe */ = {
			isa = XCSwiftPackageProductDependency;
			package = BBEBF2C92EB71AB3002C394C /* XCRemoteSwiftPackageReference "CBass" */;
			productName = BassApe;
		};
		BBEBF2CE2EB71AB3002C394C /* BassDSD */ = {
			isa = XCSwiftPackageProductDependency;
			package = BBEBF2C92EB71AB3002C394C /* XCRemoteSwiftPackageReference "CBass" */;
			productName = BassDSD;
		};
		BBF019B02EC7188900D3E744 /* BassENC */ = {
			isa = XCSwiftPackageProductDependency;
			package = BBEBF2C92EB71AB3002C394C /* XCRemoteSwiftPackageReference "CBass" */;
			productName = BassENC;
		};
		BBF019B22EC7188900D3E744 /* BassENC.FLAC */ = {
			isa = XCSwiftPackageProductDependency;
			package = BBEBF2C92EB71AB3002C394C /* XCRemoteSwiftPackageReference "CBass" */;
			productName = BassENC.FLAC;
		};
		BBF019B42EC7188900D3E744 /* BassENC.MP3 */ = {
			isa = XCSwiftPackageProductDependency;
			package = BBEBF2C92EB71AB3002C394C /* XCRemoteSwiftPackageReference "CBass" */;
			productName = BassENC.MP3;
		};
		BBF019B62EC7188900D3E744 /* BassENC.OGG */ = {
			isa = XCSwiftPackageProductDependency;
			package = BBEBF2C92EB71AB3002C394C /* XCRemoteSwiftPackageReference "CBass" */;
			productName = BassENC.OGG;
		};
		BBF019B82EC7188900D3E744 /* BassENC.Opus */ = {
			isa = XCSwiftPackageProductDependency;
			package = BBEBF2C92EB71AB3002C394C /* XCRemoteSwiftPackageReference "CBass" */;
			productName = BassENC.Opus;
		};
		BBF019BA2EC7188900D3E744 /* BassFLAC */ = {
			isa = XCSwiftPackageProductDependency;
			package = BBEBF2C92EB71AB3002C394C /* XCRemoteSwiftPackageReference "CBass" */;
			productName = BassFLAC;
		};
		BBF019BC2EC7188900D3E744 /* BassFX */ = {
			isa = XCSwiftPackageProductDependency;
			package = BBEBF2C92EB71AB3002C394C /* XCRemoteSwiftPackageReference "CBass" */;
			productName = BassFX;
		};
		BBF019BE2EC7188900D3E744 /* BassHLS */ = {
			isa = XCSwiftPackageProductDependency;
			package = BBEBF2C92EB71AB3002C394C /* XCRemoteSwiftPackageReference "CBass" */;
			productName = BassHLS;
		};
		BBF019C02EC7188900D3E744 /* BassLoud */ = {
			isa = XCSwiftPackageProductDependency;
			package = BBEBF2C92EB71AB3002C394C /* XCRemoteSwiftPackageReference "CBass" */;
			productName = BassLoud;
		};
		BBF019C22EC7188900D3E744 /* BassMIDI */ = {
			isa = XCSwiftPackageProductDependency;
			package = BBEBF2C92EB71AB3002C394C /* XCRemoteSwiftPackageReference "CBass" */;
			productName = BassMIDI;
		};
		BBF019C42EC7188900D3E744 /* BassMPC */ = {
			isa = XCSwiftPackageProductDependency;
			package = BBEBF2C92EB71AB3002C394C /* XCRemoteSwiftPackageReference "CBass" */;
			productName = BassMPC;
		};
		BBF019C62EC7188900D3E744 /* BassMix */ = {
			isa = XCSwiftPackageProductDependency;
			package = BBEBF2C92EB71AB3002C394C /* XCRemoteSwiftPackageReference "CBass" */;
			productName = BassMix;
		};
		BBF019C82EC7188900D3E744 /* BassOpus */ = {
			isa = XCSwiftPackageProductDependency;
			package = BBEBF2C92EB71AB3002C394C /* XCRemoteSwiftPackageReference "CBass" */;
			productName = BassOpus;
		};
		BBF019CA2EC7188900D3E744 /* BassSPX */ = {
			isa = XCSwiftPackageProductDependency;
			package = BBEBF2C92EB71AB3002C394C /* XCRemoteSwiftPackageReference "CBass" */;
			productName = BassSPX;
		};
		BBF019CC2EC7188900D3E744 /* BassTTA */ = {
			isa = XCSwiftPackageProductDependency;
			package = BBEBF2C92EB71AB3002C394C /* XCRemoteSwiftPackageReference "CBass" */;
			productName = BassTTA;
		};
		BBF019CE2EC7188900D3E744 /* BassVST */ = {
			isa = XCSwiftPackageProductDependency;
			package = BBEBF2C92EB71AB3002C394C /* XCRemoteSwiftPackageReference "CBass" */;
			productName = BassVST;
		};
		BBF019D02EC7188900D3E744 /* BassWV */ = {
			isa = XCSwiftPackageProductDependency;
			package = BBEBF2C92EB71AB3002C394C /* XCRemoteSwiftPackageReference "CBass" */;
			productName = BassWV;
		};
		BBF019D22EC7188900D3E744 /* BassWebM */ = {
			isa = XCSwiftPackageProductDependency;
			package = BBEBF2C92EB71AB3002C394C /* XCRemoteSwiftPackageReference "CBass" */;
			productName = BassWebM;
		};
		BBF019D42EC7188900D3E744 /* CBass */ = {
			isa = XCSwiftPackageProductDependency;
			package = BBEBF2C92EB71AB3002C394C /* XCRemoteSwiftPackageReference "CBass" */;
			productName = CBass;
		};
/* End XCSwiftPackageProductDependency section */
	};
	rootObject = BBDB7AC92EA796130003F406 /* Project object */;
}
